
Microsoft Visual Studio Solution File, Format Version 12.00
Project("{FAE04EC0-301F-11D3-BF4B-00C04F79EFBC}") = "DevParadigm.Example", "DevParadigm.Example\DevParadigm.Example.csproj", "{94ECDF58-48FB-4CB2-9D25-EABEA97710BF}"
EndProject
Project("{FAE04EC0-301F-11D3-BF4B-00C04F79EFBC}") = "DevParadigm.Console", "DevParadigm.Console\DevParadigm.Console.csproj", "{093FD1E9-C3AF-4BF2-A230-D72ED8F15500}"
EndProject
Project("{F2A71F9B-5D33-465A-A702-920D77279786}") = "BusinessValidation", "BusinessValidation\BusinessValidation.fsproj", "{FBB33A47-EB39-468D-B13D-3E00B4B9E3BF}"
EndProject
Project("{FAE04EC0-301F-11D3-BF4B-00C04F79EFBC}") = "DevParadigm", "DevParadigm\DevParadigm.csproj", "{0E736FF5-9A49-4BE7-943C-D6EC4D00DAB4}"
EndProject
Global
	GlobalSection(SolutionConfigurationPlatforms) = preSolution
		Debug|Any CPU = Debug|Any CPU
		Release|Any CPU = Release|Any CPU
	EndGlobalSection
	GlobalSection(ProjectConfigurationPlatforms) = postSolution
		{94ECDF58-48FB-4CB2-9D25-EABEA97710BF}.Debug|Any CPU.ActiveCfg = Debug|Any CPU
		{94ECDF58-48FB-4CB2-9D25-EABEA97710BF}.Debug|Any CPU.Build.0 = Debug|Any CPU
		{94ECDF58-48FB-4CB2-9D25-EABEA97710BF}.Release|Any CPU.ActiveCfg = Release|Any CPU
		{94ECDF58-48FB-4CB2-9D25-EABEA97710BF}.Release|Any CPU.Build.0 = Release|Any CPU
		{093FD1E9-C3AF-4BF2-A230-D72ED8F15500}.Debug|Any CPU.ActiveCfg = Debug|Any CPU
		{093FD1E9-C3AF-4BF2-A230-D72ED8F15500}.Debug|Any CPU.Build.0 = Debug|Any CPU
		{093FD1E9-C3AF-4BF2-A230-D72ED8F15500}.Release|Any CPU.ActiveCfg = Release|Any CPU
		{093FD1E9-C3AF-4BF2-A230-D72ED8F15500}.Release|Any CPU.Build.0 = Release|Any CPU
		{631C0152-90DB-4DA0-9867-9B18257FCCEE}.Debug|Any CPU.ActiveCfg = Debug|Any CPU
		{631C0152-90DB-4DA0-9867-9B18257FCCEE}.Debug|Any CPU.Build.0 = Debug|Any CPU
		{631C0152-90DB-4DA0-9867-9B18257FCCEE}.Release|Any CPU.ActiveCfg = Release|Any CPU
		{631C0152-90DB-4DA0-9867-9B18257FCCEE}.Release|Any CPU.Build.0 = Release|Any CPU
		{FBB33A47-EB39-468D-B13D-3E00B4B9E3BF}.Debug|Any CPU.ActiveCfg = Debug|Any CPU
		{FBB33A47-EB39-468D-B13D-3E00B4B9E3BF}.Debug|Any CPU.Build.0 = Debug|Any CPU
		{FBB33A47-EB39-468D-B13D-3E00B4B9E3BF}.Release|Any CPU.ActiveCfg = Release|Any CPU
		{FBB33A47-EB39-468D-B13D-3E00B4B9E3BF}.Release|Any CPU.Build.0 = Release|Any CPU
		{0E736FF5-9A49-4BE7-943C-D6EC4D00DAB4}.Debug|Any CPU.ActiveCfg = Debug|Any CPU
		{0E736FF5-9A49-4BE7-943C-D6EC4D00DAB4}.Debug|Any CPU.Build.0 = Debug|Any CPU
		{0E736FF5-9A49-4BE7-943C-D6EC4D00DAB4}.Release|Any CPU.ActiveCfg = Release|Any CPU
		{0E736FF5-9A49-4BE7-943C-D6EC4D00DAB4}.Release|Any CPU.Build.0 = Release|Any CPU
	EndGlobalSection
	GlobalSection(NestedProjects) = preSolution
	EndGlobalSection
EndGlobal
